// !$*UTF8*$!
{
	archiveVersion = 1;
	classes = {
	};
	objectVersion = 46;
	objects = {

/* Begin PBXBuildFile section */
		14B55F23144E158C00B21EB1 /* BVPlistExtractor.m in Sources */ = {isa = PBXBuildFile; fileRef = 14B55F22144E158C00B21EB1 /* BVPlistExtractor.m */; };
		14DB0025144E13AA000E6175 /* Foundation.framework in Frameworks */ = {isa = PBXBuildFile; fileRef = 14DB0024144E13AA000E6175 /* Foundation.framework */; };
		14DB0028144E13AA000E6175 /* main.m in Sources */ = {isa = PBXBuildFile; fileRef = 14DB0027144E13AA000E6175 /* main.m */; };
/* End PBXBuildFile section */

/* Begin PBXContainerItemProxy section */
		140A1F611454F5750088FCA0 /* PBXContainerItemProxy */ = {
			isa = PBXContainerItemProxy;
			containerPortal = 14DB0017144E13AA000E6175 /* Project object */;
			proxyType = 1;
			remoteGlobalIDString = 14E8D5B91454F00C00EBAFFC;
			remoteInfo = BVPlistExtractorSource;
		};
/* End PBXContainerItemProxy section */

/* Begin PBXFileReference section */
		140A1F601454F4E20088FCA0 /* Makefile */ = {isa = PBXFileReference; explicitFileType = sourcecode.make; path = Makefile; sourceTree = "<group>"; usesTabs = 1; };
		1466DC2F1453ED7C00106C55 /* _BVMachOSectionFromMachOHeader.m4 */ = {isa = PBXFileReference; explicitFileType = sourcecode.c.objc; path = _BVMachOSectionFromMachOHeader.m4; sourceTree = "<group>"; };
		14B55F21144E158C00B21EB1 /* BVPlistExtractor.h */ = {isa = PBXFileReference; fileEncoding = 4; lastKnownFileType = sourcecode.c.h; path = BVPlistExtractor.h; sourceTree = "<group>"; };
		14B55F22144E158C00B21EB1 /* BVPlistExtractor.m */ = {isa = PBXFileReference; fileEncoding = 4; lastKnownFileType = sourcecode.c.objc; path = BVPlistExtractor.m; sourceTree = "<group>"; };
		14DB0020144E13AA000E6175 /* BVPlistExtractor */ = {isa = PBXFileReference; explicitFileType = "compiled.mach-o.executable"; includeInIndex = 0; path = BVPlistExtractor; sourceTree = BUILT_PRODUCTS_DIR; };
		14DB0024144E13AA000E6175 /* Foundation.framework */ = {isa = PBXFileReference; lastKnownFileType = wrapper.framework; name = Foundation.framework; path = System/Library/Frameworks/Foundation.framework; sourceTree = SDKROOT; };
		14DB0027144E13AA000E6175 /* main.m */ = {isa = PBXFileReference; lastKnownFileType = sourcecode.c.objc; path = main.m; sourceTree = "<group>"; };
		14DB002A144E13AA000E6175 /* BVPlistExtractor-Prefix.pch */ = {isa = PBXFileReference; lastKnownFileType = sourcecode.c.h; path = "BVPlistExtractor-Prefix.pch"; sourceTree = "<group>"; };
		14E8D5B71454EC5600EBAFFC /* _BVPlistExtractor.m4 */ = {isa = PBXFileReference; explicitFileType = sourcecode.c.objc; path = _BVPlistExtractor.m4; sourceTree = "<group>"; };
/* End PBXFileReference section */

/* Begin PBXFrameworksBuildPhase section */
		14DB001D144E13AA000E6175 /* Frameworks */ = {
			isa = PBXFrameworksBuildPhase;
			buildActionMask = 2147483647;
			files = (
				14DB0025144E13AA000E6175 /* Foundation.framework in Frameworks */,
			);
			runOnlyForDeploymentPostprocessing = 0;
		};
/* End PBXFrameworksBuildPhase section */

/* Begin PBXGroup section */
		14DB0015144E13AA000E6175 = {
			isa = PBXGroup;
			children = (
				14DB0026144E13AA000E6175 /* BVPlistExtractor */,
				14DB0023144E13AA000E6175 /* Frameworks */,
				14DB0021144E13AA000E6175 /* Products */,
			);
			sourceTree = "<group>";
		};
		14DB0021144E13AA000E6175 /* Products */ = {
			isa = PBXGroup;
			children = (
				14DB0020144E13AA000E6175 /* BVPlistExtractor */,
			);
			name = Products;
			sourceTree = "<group>";
		};
		14DB0023144E13AA000E6175 /* Frameworks */ = {
			isa = PBXGroup;
			children = (
				14DB0024144E13AA000E6175 /* Foundation.framework */,
			);
			name = Frameworks;
			sourceTree = "<group>";
		};
		14DB0026144E13AA000E6175 /* BVPlistExtractor */ = {
			isa = PBXGroup;
			children = (
				14B55F21144E158C00B21EB1 /* BVPlistExtractor.h */,
				14B55F22144E158C00B21EB1 /* BVPlistExtractor.m */,
				14DB0027144E13AA000E6175 /* main.m */,
				14E8D5B71454EC5600EBAFFC /* _BVPlistExtractor.m4 */,
				1466DC2F1453ED7C00106C55 /* _BVMachOSectionFromMachOHeader.m4 */,
				140A1F601454F4E20088FCA0 /* Makefile */,
				14DB0029144E13AA000E6175 /* Supporting Files */,
			);
			path = BVPlistExtractor;
			sourceTree = "<group>";
		};
		14DB0029144E13AA000E6175 /* Supporting Files */ = {
			isa = PBXGroup;
			children = (
				14DB002A144E13AA000E6175 /* BVPlistExtractor-Prefix.pch */,
			);
			name = "Supporting Files";
			sourceTree = "<group>";
		};
/* End PBXGroup section */

/* Begin PBXLegacyTarget section */
		14E8D5B91454F00C00EBAFFC /* BVPlistExtractorSource */ = {
			isa = PBXLegacyTarget;
			buildArgumentsString = "";
			buildConfigurationList = 14E8D5BA1454F00C00EBAFFC /* Build configuration list for PBXLegacyTarget "BVPlistExtractorSource" */;
			buildPhases = (
			);
			buildToolPath = /usr/bin/make;
			buildWorkingDirectory = BVPlistExtractor;
			dependencies = (
			);
			name = BVPlistExtractorSource;
			passBuildSettingsInEnvironment = 0;
			productName = BVPlistExtractorSource;
		};
/* End PBXLegacyTarget section */

/* Begin PBXNativeTarget section */
		14DB001F144E13AA000E6175 /* BVPlistExtractor */ = {
			isa = PBXNativeTarget;
			buildConfigurationList = 14DB002F144E13AA000E6175 /* Build configuration list for PBXNativeTarget "BVPlistExtractor" */;
			buildPhases = (
				14DB001C144E13AA000E6175 /* Sources */,
				14DB001D144E13AA000E6175 /* Frameworks */,
			);
			buildRules = (
			);
			dependencies = (
				140A1F621454F5750088FCA0 /* PBXTargetDependency */,
			);
			name = BVPlistExtractor;
			productName = BVPlistExtractor;
			productReference = 14DB0020144E13AA000E6175 /* BVPlistExtractor */;
			productType = "com.apple.product-type.tool";
		};
/* End PBXNativeTarget section */

/* Begin PBXProject section */
		14DB0017144E13AA000E6175 /* Project object */ = {
			isa = PBXProject;
			attributes = {
				LastUpgradeCheck = 0420;
			};
			buildConfigurationList = 14DB001A144E13AA000E6175 /* Build configuration list for PBXProject "BVPlistExtractor" */;
			compatibilityVersion = "Xcode 3.2";
			developmentRegion = English;
			hasScannedForEncodings = 0;
			knownRegions = (
				en,
			);
			mainGroup = 14DB0015144E13AA000E6175;
			productRefGroup = 14DB0021144E13AA000E6175 /* Products */;
			projectDirPath = "";
			projectRoot = "";
			targets = (
				14DB001F144E13AA000E6175 /* BVPlistExtractor */,
				14E8D5B91454F00C00EBAFFC /* BVPlistExtractorSource */,
			);
		};
/* End PBXProject section */

/* Begin PBXSourcesBuildPhase section */
		14DB001C144E13AA000E6175 /* Sources */ = {
			isa = PBXSourcesBuildPhase;
			buildActionMask = 2147483647;
			files = (
				14DB0028144E13AA000E6175 /* main.m in Sources */,
				14B55F23144E158C00B21EB1 /* BVPlistExtractor.m in Sources */,
			);
			runOnlyForDeploymentPostprocessing = 0;
		};
/* End PBXSourcesBuildPhase section */

/* Begin PBXTargetDependency section */
		140A1F621454F5750088FCA0 /* PBXTargetDependency */ = {
			isa = PBXTargetDependency;
			target = 14E8D5B91454F00C00EBAFFC /* BVPlistExtractorSource */;
			targetProxy = 140A1F611454F5750088FCA0 /* PBXContainerItemProxy */;
		};
/* End PBXTargetDependency section */

/* Begin XCBuildConfiguration section */
		14DB002D144E13AA000E6175 /* Debug */ = {
			isa = XCBuildConfiguration;
			buildSettings = {
				ALWAYS_SEARCH_USER_PATHS = NO;
				ARCHS = "$(ARCHS_STANDARD_64_BIT)";
				CLANG_ENABLE_OBJC_ARC = YES;
				COPY_PHASE_STRIP = NO;
				GCC_C_LANGUAGE_STANDARD = gnu99;
				GCC_DYNAMIC_NO_PIC = NO;
				GCC_ENABLE_OBJC_EXCEPTIONS = YES;
				GCC_OPTIMIZATION_LEVEL = 0;
				GCC_PREPROCESSOR_DEFINITIONS = (
					"DEBUG=1",
					"$(inherited)",
				);
				GCC_SYMBOLS_PRIVATE_EXTERN = NO;
				GCC_VERSION = com.apple.compilers.llvm.clang.1_0;
				GCC_WARN_64_TO_32_BIT_CONVERSION = YES;
				GCC_WARN_ABOUT_MISSING_PROTOTYPES = YES;
				GCC_WARN_ABOUT_RETURN_TYPE = YES;
				GCC_WARN_UNUSED_VARIABLE = YES;
				MACOSX_DEPLOYMENT_TARGET = 10.7;
				ONLY_ACTIVE_ARCH = YES;
				SDKROOT = macosx;
			};
			name = Debug;
		};
		14DB002E144E13AA000E6175 /* Release */ = {
			isa = XCBuildConfiguration;
			buildSettings = {
				ALWAYS_SEARCH_USER_PATHS = NO;
				ARCHS = "$(ARCHS_STANDARD_64_BIT)";
				CLANG_ENABLE_OBJC_ARC = YES;
				COPY_PHASE_STRIP = YES;
				DEBUG_INFORMATION_FORMAT = "dwarf-with-dsym";
				GCC_C_LANGUAGE_STANDARD = gnu99;
				GCC_ENABLE_OBJC_EXCEPTIONS = YES;
				GCC_VERSION = com.apple.compilers.llvm.clang.1_0;
				GCC_WARN_64_TO_32_BIT_CONVERSION = YES;
				GCC_WARN_ABOUT_MISSING_PROTOTYPES = YES;
				GCC_WARN_ABOUT_RETURN_TYPE = YES;
				GCC_WARN_UNUSED_VARIABLE = YES;
				MACOSX_DEPLOYMENT_TARGET = 10.7;
				SDKROOT = macosx;
			};
			name = Release;
		};
		14DB0030144E13AA000E6175 /* Debug */ = {
			isa = XCBuildConfiguration;
			buildSettings = {
				GCC_PRECOMPILE_PREFIX_HEADER = YES;
				GCC_PREFIX_HEADER = "BVPlistExtractor/BVPlistExtractor-Prefix.pch";
				PRODUCT_NAME = "$(TARGET_NAME)";
			};
			name = Debug;
		};
		14DB0031144E13AA000E6175 /* Release */ = {
			isa = XCBuildConfiguration;
			buildSettings = {
				GCC_PRECOMPILE_PREFIX_HEADER = YES;
				GCC_PREFIX_HEADER = "BVPlistExtractor/BVPlistExtractor-Prefix.pch";
				PRODUCT_NAME = "$(TARGET_NAME)";
			};
			name = Release;
		};
		14E8D5BB1454F00C00EBAFFC /* Debug */ = {
			isa = XCBuildConfiguration;
			buildSettings = {
				DEBUGGING_SYMBOLS = YES;
				GCC_GENERATE_DEBUGGING_SYMBOLS = YES;
				GCC_OPTIMIZATION_LEVEL = 0;
				OTHER_CFLAGS = "";
				OTHER_LDFLAGS = "";
				PRODUCT_NAME = "$(TARGET_NAME)";
			};
			name = Debug;
		};
		14E8D5BC1454F00C00EBAFFC /* Release */ = {
			isa = XCBuildConfiguration;
			buildSettings = {
				OTHER_CFLAGS = "";
				OTHER_LDFLAGS = "";
				PRODUCT_NAME = "$(TARGET_NAME)";
			};
			name = Release;
		};
/* End XCBuildConfiguration section */

/* Begin XCConfigurationList section */
		14DB001A144E13AA000E6175 /* Build configuration list for PBXProject "BVPlistExtractor" */ = {
			isa = XCConfigurationList;
			buildConfigurations = (
				14DB002D144E13AA000E6175 /* Debug */,
				14DB002E144E13AA000E6175 /* Release */,
			);
			defaultConfigurationIsVisible = 0;
			defaultConfigurationName = Release;
		};
		14DB002F144E13AA000E6175 /* Build configuration list for PBXNativeTarget "BVPlistExtractor" */ = {
			isa = XCConfigurationList;
			buildConfigurations = (
				14DB0030144E13AA000E6175 /* Debug */,
				14DB0031144E13AA000E6175 /* Release */,
			);
			defaultConfigurationIsVisible = 0;
			defaultConfigurationName = Release;
		};
		14E8D5BA1454F00C00EBAFFC /* Build configuration list for PBXLegacyTarget "BVPlistExtractorSource" */ = {
			isa = XCConfigurationList;
			buildConfigurations = (
				14E8D5BB1454F00C00EBAFFC /* Debug */,
				14E8D5BC1454F00C00EBAFFC /* Release */,
			);
			defaultConfigurationIsVisible = 0;
			defaultConfigurationName = Release;
		};
/* End XCConfigurationList section */
	};
	rootObject = 14DB0017144E13AA000E6175 /* Project object */;
}
